
Microsoft Visual Studio Solution File, Format Version 12.00
# Visual Studio Version 16
VisualStudioVersion = 16.0.31112.23
MinimumVisualStudioVersion = 10.0.40219.1
Project("{9A19103F-16F7-4668-BE54-9A1E7A4F7556}") = "CapWatchBackend.Domain", "CapWatchBackend.Domain\CapWatchBackend.Domain.csproj", "{A4157757-9E9B-4FC6-B63A-BDD567F48644}"
EndProject
Project("{9A19103F-16F7-4668-BE54-9A1E7A4F7556}") = "CapWatchBackend.Application", "CapWatchBackend.Application\CapWatchBackend.Application.csproj", "{5D68DB7D-ACA5-4CCD-B308-2B08AE0C26A3}"
EndProject
Project("{9A19103F-16F7-4668-BE54-9A1E7A4F7556}") = "CapWatchBackend.DataAccess.MongoDB", "CapWatchBackend.DataAccess.MongoDB\CapWatchBackend.DataAccess.MongoDB.csproj", "{987354C9-2CCD-4AA6-990E-D9F7EF48D2C4}"
EndProject
Project("{9A19103F-16F7-4668-BE54-9A1E7A4F7556}") = "CapWatchBackend.WebApi", "CapWatchBackend.WebApi\CapWatchBackend.WebApi.csproj", "{85A485B0-0ECE-4BA2-8732-721AD525B4AA}"
EndProject
Project("{2150E333-8FDC-42A3-9474-1A3956D46DE8}") = "Tests", "Tests", "{1735E2A2-AAD6-4A66-8D1F-D9B15C9CA257}"
EndProject
Project("{9A19103F-16F7-4668-BE54-9A1E7A4F7556}") = "CapWatchBackend.WebApi.Tests", "CapWatchBackend.WebApi.Tests\CapWatchBackend.WebApi.Tests.csproj", "{5370C7F1-81CD-4AC9-BE31-92AC3239245C}"
EndProject
Project("{9A19103F-16F7-4668-BE54-9A1E7A4F7556}") = "CapWatchBackend.DataAccess.MongoDB.Tests", "CapWatchBackend.DataAccess.MongoDB.Tests\CapWatchBackend.DataAccess.MongoDB.Tests.csproj", "{8C7B43D2-DE2B-421C-B68D-D79ECAC55D6E}"
EndProject
Project("{FAE04EC0-301F-11D3-BF4B-00C04F79EFBC}") = "CapWatchBackend.Application.Tests", "CapWatchBackend.Application.Tests\CapWatchBackend.Application.Tests.csproj", "{12A6F84D-2BD9-4BCE-8D6A-1314883A4D15}"
EndProject
Global
	GlobalSection(SolutionConfigurationPlatforms) = preSolution
		Debug|Any CPU = Debug|Any CPU
		Release|Any CPU = Release|Any CPU
	EndGlobalSection
	GlobalSection(ProjectConfigurationPlatforms) = postSolution
		{A4157757-9E9B-4FC6-B63A-BDD567F48644}.Debug|Any CPU.ActiveCfg = Debug|Any CPU
		{A4157757-9E9B-4FC6-B63A-BDD567F48644}.Debug|Any CPU.Build.0 = Debug|Any CPU
		{A4157757-9E9B-4FC6-B63A-BDD567F48644}.Release|Any CPU.ActiveCfg = Release|Any CPU
		{A4157757-9E9B-4FC6-B63A-BDD567F48644}.Release|Any CPU.Build.0 = Release|Any CPU
		{5D68DB7D-ACA5-4CCD-B308-2B08AE0C26A3}.Debug|Any CPU.ActiveCfg = Debug|Any CPU
		{5D68DB7D-ACA5-4CCD-B308-2B08AE0C26A3}.Debug|Any CPU.Build.0 = Debug|Any CPU
		{5D68DB7D-ACA5-4CCD-B308-2B08AE0C26A3}.Release|Any CPU.ActiveCfg = Release|Any CPU
		{5D68DB7D-ACA5-4CCD-B308-2B08AE0C26A3}.Release|Any CPU.Build.0 = Release|Any CPU
		{987354C9-2CCD-4AA6-990E-D9F7EF48D2C4}.Debug|Any CPU.ActiveCfg = Debug|Any CPU
		{987354C9-2CCD-4AA6-990E-D9F7EF48D2C4}.Debug|Any CPU.Build.0 = Debug|Any CPU
		{987354C9-2CCD-4AA6-990E-D9F7EF48D2C4}.Release|Any CPU.ActiveCfg = Release|Any CPU
		{987354C9-2CCD-4AA6-990E-D9F7EF48D2C4}.Release|Any CPU.Build.0 = Release|Any CPU
		{85A485B0-0ECE-4BA2-8732-721AD525B4AA}.Debug|Any CPU.ActiveCfg = Debug|Any CPU
		{85A485B0-0ECE-4BA2-8732-721AD525B4AA}.Debug|Any CPU.Build.0 = Debug|Any CPU
		{85A485B0-0ECE-4BA2-8732-721AD525B4AA}.Release|Any CPU.ActiveCfg = Release|Any CPU
		{85A485B0-0ECE-4BA2-8732-721AD525B4AA}.Release|Any CPU.Build.0 = Release|Any CPU
		{5370C7F1-81CD-4AC9-BE31-92AC3239245C}.Debug|Any CPU.ActiveCfg = Debug|Any CPU
		{5370C7F1-81CD-4AC9-BE31-92AC3239245C}.Debug|Any CPU.Build.0 = Debug|Any CPU
		{5370C7F1-81CD-4AC9-BE31-92AC3239245C}.Release|Any CPU.ActiveCfg = Release|Any CPU
		{5370C7F1-81CD-4AC9-BE31-92AC3239245C}.Release|Any CPU.Build.0 = Release|Any CPU
		{8C7B43D2-DE2B-421C-B68D-D79ECAC55D6E}.Debug|Any CPU.ActiveCfg = Debug|Any CPU
		{8C7B43D2-DE2B-421C-B68D-D79ECAC55D6E}.Debug|Any CPU.Build.0 = Debug|Any CPU
		{8C7B43D2-DE2B-421C-B68D-D79ECAC55D6E}.Release|Any CPU.ActiveCfg = Release|Any CPU
		{8C7B43D2-DE2B-421C-B68D-D79ECAC55D6E}.Release|Any CPU.Build.0 = Release|Any CPU
		{12A6F84D-2BD9-4BCE-8D6A-1314883A4D15}.Debug|Any CPU.ActiveCfg = Debug|Any CPU
		{12A6F84D-2BD9-4BCE-8D6A-1314883A4D15}.Debug|Any CPU.Build.0 = Debug|Any CPU
		{12A6F84D-2BD9-4BCE-8D6A-1314883A4D15}.Release|Any CPU.ActiveCfg = Release|Any CPU
		{12A6F84D-2BD9-4BCE-8D6A-1314883A4D15}.Release|Any CPU.Build.0 = Release|Any CPU
	EndGlobalSection
	GlobalSection(SolutionProperties) = preSolution
		HideSolutionNode = FALSE
	EndGlobalSection
	GlobalSection(NestedProjects) = preSolution
		{5370C7F1-81CD-4AC9-BE31-92AC3239245C} = {1735E2A2-AAD6-4A66-8D1F-D9B15C9CA257}
		{8C7B43D2-DE2B-421C-B68D-D79ECAC55D6E} = {1735E2A2-AAD6-4A66-8D1F-D9B15C9CA257}
		{12A6F84D-2BD9-4BCE-8D6A-1314883A4D15} = {1735E2A2-AAD6-4A66-8D1F-D9B15C9CA257}
	EndGlobalSection
	GlobalSection(ExtensibilityGlobals) = postSolution
		SolutionGuid = {5B4D06E6-BB39-4766-AA08-BB34AFC3F9A6}
	EndGlobalSection
EndGlobal
